
Microsoft Visual Studio Solution File, Format Version 12.00
# Visual Studio Version 17
VisualStudioVersion = 17.3.32922.545
MinimumVisualStudioVersion = 10.0.40219.1
Project("{FAE04EC0-301F-11D3-BF4B-00C04F79EFBC}") = "DeltaSharingConnector", "DeltaSharingConnector\DeltaSharingConnector.csproj", "{B4F16E94-6318-4E97-9995-45F665E1DBE2}"
EndProject
Project("{FAE04EC0-301F-11D3-BF4B-00C04F79EFBC}") = "DeltaSharingConnector.Tests", "DeltaSharingConnector.Tests\DeltaSharingConnector.Tests.csproj", "{CECA4884-DA46-4AD7-8328-E8CA3D01CF6B}"
EndProject
Global
	GlobalSection(SolutionConfigurationPlatforms) = preSolution
		Debug|Any CPU = Debug|Any CPU
		Release|Any CPU = Release|Any CPU
	EndGlobalSection
	GlobalSection(ProjectConfigurationPlatforms) = postSolution
		{B4F16E94-6318-4E97-9995-45F665E1DBE2}.Debug|Any CPU.ActiveCfg = Debug|Any CPU
		{B4F16E94-6318-4E97-9995-45F665E1DBE2}.Debug|Any CPU.Build.0 = Debug|Any CPU
		{B4F16E94-6318-4E97-9995-45F665E1DBE2}.Release|Any CPU.ActiveCfg = Release|Any CPU
		{B4F16E94-6318-4E97-9995-45F665E1DBE2}.Release|Any CPU.Build.0 = Release|Any CPU
		{CECA4884-DA46-4AD7-8328-E8CA3D01CF6B}.Debug|Any CPU.ActiveCfg = Debug|Any CPU
		{CECA4884-DA46-4AD7-8328-E8CA3D01CF6B}.Debug|Any CPU.Build.0 = Debug|Any CPU
		{CECA4884-DA46-4AD7-8328-E8CA3D01CF6B}.Release|Any CPU.ActiveCfg = Release|Any CPU
		{CECA4884-DA46-4AD7-8328-E8CA3D01CF6B}.Release|Any CPU.Build.0 = Release|Any CPU
	EndGlobalSection
	GlobalSection(SolutionProperties) = preSolution
		HideSolutionNode = FALSE
	EndGlobalSection
	GlobalSection(ExtensibilityGlobals) = postSolution
		SolutionGuid = {44F1DC41-2C05-40CA-B847-8491F643F8EC}
	EndGlobalSection
EndGlobal
